// !$*UTF8*$!
{
	archiveVersion = 1;
	classes = {
	};
	objectVersion = 55;
	objects = {

/* Begin PBXBuildFile section */
		4A716B85335BB9B95C5F3FD0 /* Pods_instagramCloneV2Tests.framework in Frameworks */ = {isa = PBXBuildFile; fileRef = 24D572AEB7A0EE11CE15B942 /* Pods_instagramCloneV2Tests.framework */; };
		62E17654A11A6AB3229E1F8E /* Pods_instagramCloneV2.framework in Frameworks */ = {isa = PBXBuildFile; fileRef = 07A05DF4856DA912B9A4C060 /* Pods_instagramCloneV2.framework */; };
		634A1804289AA12F0045814F /* AppDelegate.swift in Sources */ = {isa = PBXBuildFile; fileRef = 634A1803289AA12F0045814F /* AppDelegate.swift */; };
		634A1806289AA12F0045814F /* SceneDelegate.swift in Sources */ = {isa = PBXBuildFile; fileRef = 634A1805289AA12F0045814F /* SceneDelegate.swift */; };
		634A1808289AA12F0045814F /* SingInVC.swift in Sources */ = {isa = PBXBuildFile; fileRef = 634A1807289AA12F0045814F /* SingInVC.swift */; };
		634A180B289AA12F0045814F /* Main.storyboard in Resources */ = {isa = PBXBuildFile; fileRef = 634A1809289AA12F0045814F /* Main.storyboard */; };
		634A180D289AA1310045814F /* Assets.xcassets in Resources */ = {isa = PBXBuildFile; fileRef = 634A180C289AA1310045814F /* Assets.xcassets */; };
		634A1810289AA1310045814F /* LaunchScreen.storyboard in Resources */ = {isa = PBXBuildFile; fileRef = 634A180E289AA1310045814F /* LaunchScreen.storyboard */; };
		634A181B289AA1310045814F /* instagramCloneV2Tests.swift in Sources */ = {isa = PBXBuildFile; fileRef = 634A181A289AA1310045814F /* instagramCloneV2Tests.swift */; };
		634A1825289AA1310045814F /* instagramCloneV2UITests.swift in Sources */ = {isa = PBXBuildFile; fileRef = 634A1824289AA1310045814F /* instagramCloneV2UITests.swift */; };
		634A1827289AA1310045814F /* instagramCloneV2UITestsLaunchTests.swift in Sources */ = {isa = PBXBuildFile; fileRef = 634A1826289AA1310045814F /* instagramCloneV2UITestsLaunchTests.swift */; };
		634E79A8289AA85A00D996C2 /* ApperanceModel.swift in Sources */ = {isa = PBXBuildFile; fileRef = 634E79A7289AA85A00D996C2 /* ApperanceModel.swift */; };
		6366A041289B8DD90005B7CD /* SingUpVC.swift in Sources */ = {isa = PBXBuildFile; fileRef = 6366A040289B8DD90005B7CD /* SingUpVC.swift */; };
		6366A043289BAA610005B7CD /* PasswordVC.swift in Sources */ = {isa = PBXBuildFile; fileRef = 6366A042289BAA610005B7CD /* PasswordVC.swift */; };
		6366A045289BB4DF0005B7CD /* EmailOrPhoneVC.swift in Sources */ = {isa = PBXBuildFile; fileRef = 6366A044289BB4DF0005B7CD /* EmailOrPhoneVC.swift */; };
		6366A047289BC3D70005B7CD /* GoogleService-Info.plist in Resources */ = {isa = PBXBuildFile; fileRef = 6366A046289BC3D70005B7CD /* GoogleService-Info.plist */; };
		6366A04A289BC5F30005B7CD /* SingInAndSingUpModel.swift in Sources */ = {isa = PBXBuildFile; fileRef = 6366A049289BC5F30005B7CD /* SingInAndSingUpModel.swift */; };
		6366A04C289BC7340005B7CD /* AlertModel.swift in Sources */ = {isa = PBXBuildFile; fileRef = 6366A04B289BC7340005B7CD /* AlertModel.swift */; };
		6581B2DF6F6D9D82DE62B3B9 /* Pods_instagramCloneV2_instagramCloneV2UITests.framework in Frameworks */ = {isa = PBXBuildFile; fileRef = 5B84C372FC8262080F61B8E8 /* Pods_instagramCloneV2_instagramCloneV2UITests.framework */; };
/* End PBXBuildFile section */

/* Begin PBXContainerItemProxy section */
		634A1817289AA1310045814F /* PBXContainerItemProxy */ = {
			isa = PBXContainerItemProxy;
			containerPortal = 634A17F8289AA12F0045814F /* Project object */;
			proxyType = 1;
			remoteGlobalIDString = 634A17FF289AA12F0045814F;
			remoteInfo = instagramCloneV2;
		};
		634A1821289AA1310045814F /* PBXContainerItemProxy */ = {
			isa = PBXContainerItemProxy;
			containerPortal = 634A17F8289AA12F0045814F /* Project object */;
			proxyType = 1;
			remoteGlobalIDString = 634A17FF289AA12F0045814F;
			remoteInfo = instagramCloneV2;
		};
/* End PBXContainerItemProxy section */

/* Begin PBXFileReference section */
		07A05DF4856DA912B9A4C060 /* Pods_instagramCloneV2.framework */ = {isa = PBXFileReference; explicitFileType = wrapper.framework; includeInIndex = 0; path = Pods_instagramCloneV2.framework; sourceTree = BUILT_PRODUCTS_DIR; };
		0A4F512C87A5F2FDAD3B7A7F /* Pods-instagramCloneV2.release.xcconfig */ = {isa = PBXFileReference; includeInIndex = 1; lastKnownFileType = text.xcconfig; name = "Pods-instagramCloneV2.release.xcconfig"; path = "Target Support Files/Pods-instagramCloneV2/Pods-instagramCloneV2.release.xcconfig"; sourceTree = "<group>"; };
		24D572AEB7A0EE11CE15B942 /* Pods_instagramCloneV2Tests.framework */ = {isa = PBXFileReference; explicitFileType = wrapper.framework; includeInIndex = 0; path = Pods_instagramCloneV2Tests.framework; sourceTree = BUILT_PRODUCTS_DIR; };
		3E503EADF6EB00E3378882BD /* Pods-instagramCloneV2-instagramCloneV2UITests.release.xcconfig */ = {isa = PBXFileReference; includeInIndex = 1; lastKnownFileType = text.xcconfig; name = "Pods-instagramCloneV2-instagramCloneV2UITests.release.xcconfig"; path = "Target Support Files/Pods-instagramCloneV2-instagramCloneV2UITests/Pods-instagramCloneV2-instagramCloneV2UITests.release.xcconfig"; sourceTree = "<group>"; };
		5B84C372FC8262080F61B8E8 /* Pods_instagramCloneV2_instagramCloneV2UITests.framework */ = {isa = PBXFileReference; explicitFileType = wrapper.framework; includeInIndex = 0; path = Pods_instagramCloneV2_instagramCloneV2UITests.framework; sourceTree = BUILT_PRODUCTS_DIR; };
		634A1800289AA12F0045814F /* instagramCloneV2.app */ = {isa = PBXFileReference; explicitFileType = wrapper.application; includeInIndex = 0; path = instagramCloneV2.app; sourceTree = BUILT_PRODUCTS_DIR; };
		634A1803289AA12F0045814F /* AppDelegate.swift */ = {isa = PBXFileReference; lastKnownFileType = sourcecode.swift; path = AppDelegate.swift; sourceTree = "<group>"; };
		634A1805289AA12F0045814F /* SceneDelegate.swift */ = {isa = PBXFileReference; lastKnownFileType = sourcecode.swift; path = SceneDelegate.swift; sourceTree = "<group>"; };
		634A1807289AA12F0045814F /* SingInVC.swift */ = {isa = PBXFileReference; lastKnownFileType = sourcecode.swift; path = SingInVC.swift; sourceTree = "<group>"; };
		634A180A289AA12F0045814F /* Base */ = {isa = PBXFileReference; lastKnownFileType = file.storyboard; name = Base; path = Base.lproj/Main.storyboard; sourceTree = "<group>"; };
		634A180C289AA1310045814F /* Assets.xcassets */ = {isa = PBXFileReference; lastKnownFileType = folder.assetcatalog; path = Assets.xcassets; sourceTree = "<group>"; };
		634A180F289AA1310045814F /* Base */ = {isa = PBXFileReference; lastKnownFileType = file.storyboard; name = Base; path = Base.lproj/LaunchScreen.storyboard; sourceTree = "<group>"; };
		634A1811289AA1310045814F /* Info.plist */ = {isa = PBXFileReference; lastKnownFileType = text.plist.xml; path = Info.plist; sourceTree = "<group>"; };
		634A1816289AA1310045814F /* instagramCloneV2Tests.xctest */ = {isa = PBXFileReference; explicitFileType = wrapper.cfbundle; includeInIndex = 0; path = instagramCloneV2Tests.xctest; sourceTree = BUILT_PRODUCTS_DIR; };
		634A181A289AA1310045814F /* instagramCloneV2Tests.swift */ = {isa = PBXFileReference; lastKnownFileType = sourcecode.swift; path = instagramCloneV2Tests.swift; sourceTree = "<group>"; };
		634A1820289AA1310045814F /* instagramCloneV2UITests.xctest */ = {isa = PBXFileReference; explicitFileType = wrapper.cfbundle; includeInIndex = 0; path = instagramCloneV2UITests.xctest; sourceTree = BUILT_PRODUCTS_DIR; };
		634A1824289AA1310045814F /* instagramCloneV2UITests.swift */ = {isa = PBXFileReference; lastKnownFileType = sourcecode.swift; path = instagramCloneV2UITests.swift; sourceTree = "<group>"; };
		634A1826289AA1310045814F /* instagramCloneV2UITestsLaunchTests.swift */ = {isa = PBXFileReference; lastKnownFileType = sourcecode.swift; path = instagramCloneV2UITestsLaunchTests.swift; sourceTree = "<group>"; };
		634E79A7289AA85A00D996C2 /* ApperanceModel.swift */ = {isa = PBXFileReference; lastKnownFileType = sourcecode.swift; path = ApperanceModel.swift; sourceTree = "<group>"; };
		6366A040289B8DD90005B7CD /* SingUpVC.swift */ = {isa = PBXFileReference; lastKnownFileType = sourcecode.swift; path = SingUpVC.swift; sourceTree = "<group>"; };
		6366A042289BAA610005B7CD /* PasswordVC.swift */ = {isa = PBXFileReference; lastKnownFileType = sourcecode.swift; path = PasswordVC.swift; sourceTree = "<group>"; };
		6366A044289BB4DF0005B7CD /* EmailOrPhoneVC.swift */ = {isa = PBXFileReference; lastKnownFileType = sourcecode.swift; path = EmailOrPhoneVC.swift; sourceTree = "<group>"; };
		6366A046289BC3D70005B7CD /* GoogleService-Info.plist */ = {isa = PBXFileReference; fileEncoding = 4; lastKnownFileType = text.plist.xml; path = "GoogleService-Info.plist"; sourceTree = "<group>"; };
		6366A049289BC5F30005B7CD /* SingInAndSingUpModel.swift */ = {isa = PBXFileReference; lastKnownFileType = sourcecode.swift; path = SingInAndSingUpModel.swift; sourceTree = "<group>"; };
		6366A04B289BC7340005B7CD /* AlertModel.swift */ = {isa = PBXFileReference; lastKnownFileType = sourcecode.swift; path = AlertModel.swift; sourceTree = "<group>"; };
		6C5A16367270CB8CE729AEA9 /* Pods-instagramCloneV2Tests.debug.xcconfig */ = {isa = PBXFileReference; includeInIndex = 1; lastKnownFileType = text.xcconfig; name = "Pods-instagramCloneV2Tests.debug.xcconfig"; path = "Target Support Files/Pods-instagramCloneV2Tests/Pods-instagramCloneV2Tests.debug.xcconfig"; sourceTree = "<group>"; };
		8FA11AEC2291EE57D90319E5 /* Pods-instagramCloneV2.debug.xcconfig */ = {isa = PBXFileReference; includeInIndex = 1; lastKnownFileType = text.xcconfig; name = "Pods-instagramCloneV2.debug.xcconfig"; path = "Target Support Files/Pods-instagramCloneV2/Pods-instagramCloneV2.debug.xcconfig"; sourceTree = "<group>"; };
		B5135E7706438D02D836CC6B /* Pods-instagramCloneV2-instagramCloneV2UITests.debug.xcconfig */ = {isa = PBXFileReference; includeInIndex = 1; lastKnownFileType = text.xcconfig; name = "Pods-instagramCloneV2-instagramCloneV2UITests.debug.xcconfig"; path = "Target Support Files/Pods-instagramCloneV2-instagramCloneV2UITests/Pods-instagramCloneV2-instagramCloneV2UITests.debug.xcconfig"; sourceTree = "<group>"; };
		D2107002B2136F1744436A7F /* Pods-instagramCloneV2Tests.release.xcconfig */ = {isa = PBXFileReference; includeInIndex = 1; lastKnownFileType = text.xcconfig; name = "Pods-instagramCloneV2Tests.release.xcconfig"; path = "Target Support Files/Pods-instagramCloneV2Tests/Pods-instagramCloneV2Tests.release.xcconfig"; sourceTree = "<group>"; };
/* End PBXFileReference section */

/* Begin PBXFrameworksBuildPhase section */
		634A17FD289AA12F0045814F /* Frameworks */ = {
			isa = PBXFrameworksBuildPhase;
			buildActionMask = 2147483647;
			files = (
				62E17654A11A6AB3229E1F8E /* Pods_instagramCloneV2.framework in Frameworks */,
			);
			runOnlyForDeploymentPostprocessing = 0;
		};
		634A1813289AA1310045814F /* Frameworks */ = {
			isa = PBXFrameworksBuildPhase;
			buildActionMask = 2147483647;
			files = (
				4A716B85335BB9B95C5F3FD0 /* Pods_instagramCloneV2Tests.framework in Frameworks */,
			);
			runOnlyForDeploymentPostprocessing = 0;
		};
		634A181D289AA1310045814F /* Frameworks */ = {
			isa = PBXFrameworksBuildPhase;
			buildActionMask = 2147483647;
			files = (
				6581B2DF6F6D9D82DE62B3B9 /* Pods_instagramCloneV2_instagramCloneV2UITests.framework in Frameworks */,
			);
			runOnlyForDeploymentPostprocessing = 0;
		};
/* End PBXFrameworksBuildPhase section */

/* Begin PBXGroup section */
		5814142CAB33CC05C778CFBF /* Pods */ = {
			isa = PBXGroup;
			children = (
				8FA11AEC2291EE57D90319E5 /* Pods-instagramCloneV2.debug.xcconfig */,
				0A4F512C87A5F2FDAD3B7A7F /* Pods-instagramCloneV2.release.xcconfig */,
				B5135E7706438D02D836CC6B /* Pods-instagramCloneV2-instagramCloneV2UITests.debug.xcconfig */,
				3E503EADF6EB00E3378882BD /* Pods-instagramCloneV2-instagramCloneV2UITests.release.xcconfig */,
				6C5A16367270CB8CE729AEA9 /* Pods-instagramCloneV2Tests.debug.xcconfig */,
				D2107002B2136F1744436A7F /* Pods-instagramCloneV2Tests.release.xcconfig */,
			);
			path = Pods;
			sourceTree = "<group>";
		};
		634A17F7289AA12F0045814F = {
			isa = PBXGroup;
			children = (
				634A1802289AA12F0045814F /* instagramCloneV2 */,
				634A1819289AA1310045814F /* instagramCloneV2Tests */,
				634A1823289AA1310045814F /* instagramCloneV2UITests */,
				634A1801289AA12F0045814F /* Products */,
				5814142CAB33CC05C778CFBF /* Pods */,
				F596DE44442BE786296E3DAE /* Frameworks */,
			);
			sourceTree = "<group>";
		};
		634A1801289AA12F0045814F /* Products */ = {
			isa = PBXGroup;
			children = (
				634A1800289AA12F0045814F /* instagramCloneV2.app */,
				634A1816289AA1310045814F /* instagramCloneV2Tests.xctest */,
				634A1820289AA1310045814F /* instagramCloneV2UITests.xctest */,
			);
			name = Products;
			sourceTree = "<group>";
		};
		634A1802289AA12F0045814F /* instagramCloneV2 */ = {
			isa = PBXGroup;
			children = (
				634A1834289AA2C20045814F /* Delegate */,
				634A1833289AA2B50045814F /* ViewController */,
				634A1835289AA2E80045814F /* Model */,
				634A1809289AA12F0045814F /* Main.storyboard */,
				634A180C289AA1310045814F /* Assets.xcassets */,
				634A180E289AA1310045814F /* LaunchScreen.storyboard */,
				634A1811289AA1310045814F /* Info.plist */,
				6366A046289BC3D70005B7CD /* GoogleService-Info.plist */,
			);
			path = instagramCloneV2;
			sourceTree = "<group>";
		};
		634A1819289AA1310045814F /* instagramCloneV2Tests */ = {
			isa = PBXGroup;
			children = (
				634A181A289AA1310045814F /* instagramCloneV2Tests.swift */,
			);
			path = instagramCloneV2Tests;
			sourceTree = "<group>";
		};
		634A1823289AA1310045814F /* instagramCloneV2UITests */ = {
			isa = PBXGroup;
			children = (
				634A1824289AA1310045814F /* instagramCloneV2UITests.swift */,
				634A1826289AA1310045814F /* instagramCloneV2UITestsLaunchTests.swift */,
			);
			path = instagramCloneV2UITests;
			sourceTree = "<group>";
		};
		634A1833289AA2B50045814F /* ViewController */ = {
			isa = PBXGroup;
			children = (
				634A1807289AA12F0045814F /* SingInVC.swift */,
				6366A040289B8DD90005B7CD /* SingUpVC.swift */,
				6366A042289BAA610005B7CD /* PasswordVC.swift */,
				6366A044289BB4DF0005B7CD /* EmailOrPhoneVC.swift */,
			);
			path = ViewController;
			sourceTree = "<group>";
		};
		634A1834289AA2C20045814F /* Delegate */ = {
			isa = PBXGroup;
			children = (
				634A1803289AA12F0045814F /* AppDelegate.swift */,
				634A1805289AA12F0045814F /* SceneDelegate.swift */,
			);
			path = Delegate;
			sourceTree = "<group>";
		};
		634A1835289AA2E80045814F /* Model */ = {
			isa = PBXGroup;
			children = (
				634E79A7289AA85A00D996C2 /* ApperanceModel.swift */,
				6366A049289BC5F30005B7CD /* SingInAndSingUpModel.swift */,
				6366A04B289BC7340005B7CD /* AlertModel.swift */,
			);
			path = Model;
			sourceTree = "<group>";
		};
		F596DE44442BE786296E3DAE /* Frameworks */ = {
			isa = PBXGroup;
			children = (
				07A05DF4856DA912B9A4C060 /* Pods_instagramCloneV2.framework */,
				5B84C372FC8262080F61B8E8 /* Pods_instagramCloneV2_instagramCloneV2UITests.framework */,
				24D572AEB7A0EE11CE15B942 /* Pods_instagramCloneV2Tests.framework */,
			);
			name = Frameworks;
			sourceTree = "<group>";
		};
/* End PBXGroup section */

/* Begin PBXNativeTarget section */
		634A17FF289AA12F0045814F /* instagramCloneV2 */ = {
			isa = PBXNativeTarget;
			buildConfigurationList = 634A182A289AA1310045814F /* Build configuration list for PBXNativeTarget "instagramCloneV2" */;
			buildPhases = (
				8AEA8ED9E3E7DB2F6F31F011 /* [CP] Check Pods Manifest.lock */,
				634A17FC289AA12F0045814F /* Sources */,
				634A17FD289AA12F0045814F /* Frameworks */,
				634A17FE289AA12F0045814F /* Resources */,
				AFF8BF47AA19B8E9FF56140C /* [CP] Embed Pods Frameworks */,
			);
			buildRules = (
			);
			dependencies = (
			);
			name = instagramCloneV2;
			productName = instagramCloneV2;
			productReference = 634A1800289AA12F0045814F /* instagramCloneV2.app */;
			productType = "com.apple.product-type.application";
		};
		634A1815289AA1310045814F /* instagramCloneV2Tests */ = {
			isa = PBXNativeTarget;
			buildConfigurationList = 634A182D289AA1310045814F /* Build configuration list for PBXNativeTarget "instagramCloneV2Tests" */;
			buildPhases = (
				7B5C38D4979D1D93D03A0389 /* [CP] Check Pods Manifest.lock */,
				634A1812289AA1310045814F /* Sources */,
				634A1813289AA1310045814F /* Frameworks */,
				634A1814289AA1310045814F /* Resources */,
			);
			buildRules = (
			);
			dependencies = (
				634A1818289AA1310045814F /* PBXTargetDependency */,
			);
			name = instagramCloneV2Tests;
			productName = instagramCloneV2Tests;
			productReference = 634A1816289AA1310045814F /* instagramCloneV2Tests.xctest */;
			productType = "com.apple.product-type.bundle.unit-test";
		};
		634A181F289AA1310045814F /* instagramCloneV2UITests */ = {
			isa = PBXNativeTarget;
			buildConfigurationList = 634A1830289AA1310045814F /* Build configuration list for PBXNativeTarget "instagramCloneV2UITests" */;
			buildPhases = (
				CB1110FC88A087FAB94E7481 /* [CP] Check Pods Manifest.lock */,
				634A181C289AA1310045814F /* Sources */,
				634A181D289AA1310045814F /* Frameworks */,
				634A181E289AA1310045814F /* Resources */,
				34A4DBA3C61105B184BD4735 /* [CP] Embed Pods Frameworks */,
			);
			buildRules = (
			);
			dependencies = (
				634A1822289AA1310045814F /* PBXTargetDependency */,
			);
			name = instagramCloneV2UITests;
			productName = instagramCloneV2UITests;
			productReference = 634A1820289AA1310045814F /* instagramCloneV2UITests.xctest */;
			productType = "com.apple.product-type.bundle.ui-testing";
		};
/* End PBXNativeTarget section */

/* Begin PBXProject section */
		634A17F8289AA12F0045814F /* Project object */ = {
			isa = PBXProject;
			attributes = {
				BuildIndependentTargetsInParallel = 1;
				LastSwiftUpdateCheck = 1340;
				LastUpgradeCheck = 1340;
				TargetAttributes = {
					634A17FF289AA12F0045814F = {
						CreatedOnToolsVersion = 13.4.1;
					};
					634A1815289AA1310045814F = {
						CreatedOnToolsVersion = 13.4.1;
						TestTargetID = 634A17FF289AA12F0045814F;
					};
					634A181F289AA1310045814F = {
						CreatedOnToolsVersion = 13.4.1;
						TestTargetID = 634A17FF289AA12F0045814F;
					};
				};
			};
			buildConfigurationList = 634A17FB289AA12F0045814F /* Build configuration list for PBXProject "instagramCloneV2" */;
			compatibilityVersion = "Xcode 13.0";
			developmentRegion = en;
			hasScannedForEncodings = 0;
			knownRegions = (
				en,
				Base,
			);
			mainGroup = 634A17F7289AA12F0045814F;
			productRefGroup = 634A1801289AA12F0045814F /* Products */;
			projectDirPath = "";
			projectRoot = "";
			targets = (
				634A17FF289AA12F0045814F /* instagramCloneV2 */,
				634A1815289AA1310045814F /* instagramCloneV2Tests */,
				634A181F289AA1310045814F /* instagramCloneV2UITests */,
			);
		};
/* End PBXProject section */

/* Begin PBXResourcesBuildPhase section */
		634A17FE289AA12F0045814F /* Resources */ = {
			isa = PBXResourcesBuildPhase;
			buildActionMask = 2147483647;
			files = (
				634A1810289AA1310045814F /* LaunchScreen.storyboard in Resources */,
				6366A047289BC3D70005B7CD /* GoogleService-Info.plist in Resources */,
				634A180D289AA1310045814F /* Assets.xcassets in Resources */,
				634A180B289AA12F0045814F /* Main.storyboard in Resources */,
			);
			runOnlyForDeploymentPostprocessing = 0;
		};
		634A1814289AA1310045814F /* Resources */ = {
			isa = PBXResourcesBuildPhase;
			buildActionMask = 2147483647;
			files = (
			);
			runOnlyForDeploymentPostprocessing = 0;
		};
		634A181E289AA1310045814F /* Resources */ = {
			isa = PBXResourcesBuildPhase;
			buildActionMask = 2147483647;
			files = (
			);
			runOnlyForDeploymentPostprocessing = 0;
		};
/* End PBXResourcesBuildPhase section */

/* Begin PBXShellScriptBuildPhase section */
		34A4DBA3C61105B184BD4735 /* [CP] Embed Pods Frameworks */ = {
			isa = PBXShellScriptBuildPhase;
			buildActionMask = 2147483647;
			files = (
			);
			inputFileListPaths = (
				"${PODS_ROOT}/Target Support Files/Pods-instagramCloneV2-instagramCloneV2UITests/Pods-instagramCloneV2-instagramCloneV2UITests-frameworks-${CONFIGURATION}-input-files.xcfilelist",
			);
			name = "[CP] Embed Pods Frameworks";
			outputFileListPaths = (
				"${PODS_ROOT}/Target Support Files/Pods-instagramCloneV2-instagramCloneV2UITests/Pods-instagramCloneV2-instagramCloneV2UITests-frameworks-${CONFIGURATION}-output-files.xcfilelist",
			);
			runOnlyForDeploymentPostprocessing = 0;
			shellPath = /bin/sh;
			shellScript = "\"${PODS_ROOT}/Target Support Files/Pods-instagramCloneV2-instagramCloneV2UITests/Pods-instagramCloneV2-instagramCloneV2UITests-frameworks.sh\"\n";
			showEnvVarsInLog = 0;
		};
		7B5C38D4979D1D93D03A0389 /* [CP] Check Pods Manifest.lock */ = {
			isa = PBXShellScriptBuildPhase;
			buildActionMask = 2147483647;
			files = (
			);
			inputFileListPaths = (
			);
			inputPaths = (
				"${PODS_PODFILE_DIR_PATH}/Podfile.lock",
				"${PODS_ROOT}/Manifest.lock",
			);
			name = "[CP] Check Pods Manifest.lock";
			outputFileListPaths = (
			);
			outputPaths = (
				"$(DERIVED_FILE_DIR)/Pods-instagramCloneV2Tests-checkManifestLockResult.txt",
			);
			runOnlyForDeploymentPostprocessing = 0;
			shellPath = /bin/sh;
			shellScript = "diff \"${PODS_PODFILE_DIR_PATH}/Podfile.lock\" \"${PODS_ROOT}/Manifest.lock\" > /dev/null\nif [ $? != 0 ] ; then\n    # print error to STDERR\n    echo \"error: The sandbox is not in sync with the Podfile.lock. Run 'pod install' or update your CocoaPods installation.\" >&2\n    exit 1\nfi\n# This output is used by Xcode 'outputs' to avoid re-running this script phase.\necho \"SUCCESS\" > \"${SCRIPT_OUTPUT_FILE_0}\"\n";
			showEnvVarsInLog = 0;
		};
		8AEA8ED9E3E7DB2F6F31F011 /* [CP] Check Pods Manifest.lock */ = {
			isa = PBXShellScriptBuildPhase;
			buildActionMask = 2147483647;
			files = (
			);
			inputFileListPaths = (
			);
			inputPaths = (
				"${PODS_PODFILE_DIR_PATH}/Podfile.lock",
				"${PODS_ROOT}/Manifest.lock",
			);
			name = "[CP] Check Pods Manifest.lock";
			outputFileListPaths = (
			);
			outputPaths = (
				"$(DERIVED_FILE_DIR)/Pods-instagramCloneV2-checkManifestLockResult.txt",
			);
			runOnlyForDeploymentPostprocessing = 0;
			shellPath = /bin/sh;
			shellScript = "diff \"${PODS_PODFILE_DIR_PATH}/Podfile.lock\" \"${PODS_ROOT}/Manifest.lock\" > /dev/null\nif [ $? != 0 ] ; then\n    # print error to STDERR\n    echo \"error: The sandbox is not in sync with the Podfile.lock. Run 'pod install' or update your CocoaPods installation.\" >&2\n    exit 1\nfi\n# This output is used by Xcode 'outputs' to avoid re-running this script phase.\necho \"SUCCESS\" > \"${SCRIPT_OUTPUT_FILE_0}\"\n";
			showEnvVarsInLog = 0;
		};
		AFF8BF47AA19B8E9FF56140C /* [CP] Embed Pods Frameworks */ = {
			isa = PBXShellScriptBuildPhase;
			buildActionMask = 2147483647;
			files = (
			);
			inputFileListPaths = (
				"${PODS_ROOT}/Target Support Files/Pods-instagramCloneV2/Pods-instagramCloneV2-frameworks-${CONFIGURATION}-input-files.xcfilelist",
			);
			name = "[CP] Embed Pods Frameworks";
			outputFileListPaths = (
				"${PODS_ROOT}/Target Support Files/Pods-instagramCloneV2/Pods-instagramCloneV2-frameworks-${CONFIGURATION}-output-files.xcfilelist",
			);
			runOnlyForDeploymentPostprocessing = 0;
			shellPath = /bin/sh;
			shellScript = "\"${PODS_ROOT}/Target Support Files/Pods-instagramCloneV2/Pods-instagramCloneV2-frameworks.sh\"\n";
			showEnvVarsInLog = 0;
		};
		CB1110FC88A087FAB94E7481 /* [CP] Check Pods Manifest.lock */ = {
			isa = PBXShellScriptBuildPhase;
			buildActionMask = 2147483647;
			files = (
			);
			inputFileListPaths = (
			);
			inputPaths = (
				"${PODS_PODFILE_DIR_PATH}/Podfile.lock",
				"${PODS_ROOT}/Manifest.lock",
			);
			name = "[CP] Check Pods Manifest.lock";
			outputFileListPaths = (
			);
			outputPaths = (
				"$(DERIVED_FILE_DIR)/Pods-instagramCloneV2-instagramCloneV2UITests-checkManifestLockResult.txt",
			);
			runOnlyForDeploymentPostprocessing = 0;
			shellPath = /bin/sh;
			shellScript = "diff \"${PODS_PODFILE_DIR_PATH}/Podfile.lock\" \"${PODS_ROOT}/Manifest.lock\" > /dev/null\nif [ $? != 0 ] ; then\n    # print error to STDERR\n    echo \"error: The sandbox is not in sync with the Podfile.lock. Run 'pod install' or update your CocoaPods installation.\" >&2\n    exit 1\nfi\n# This output is used by Xcode 'outputs' to avoid re-running this script phase.\necho \"SUCCESS\" > \"${SCRIPT_OUTPUT_FILE_0}\"\n";
			showEnvVarsInLog = 0;
		};
/* End PBXShellScriptBuildPhase section */

/* Begin PBXSourcesBuildPhase section */
		634A17FC289AA12F0045814F /* Sources */ = {
			isa = PBXSourcesBuildPhase;
			buildActionMask = 2147483647;
			files = (
				634A1808289AA12F0045814F /* SingInVC.swift in Sources */,
				6366A043289BAA610005B7CD /* PasswordVC.swift in Sources */,
				6366A045289BB4DF0005B7CD /* EmailOrPhoneVC.swift in Sources */,
				634A1804289AA12F0045814F /* AppDelegate.swift in Sources */,
				6366A041289B8DD90005B7CD /* SingUpVC.swift in Sources */,
				634A1806289AA12F0045814F /* SceneDelegate.swift in Sources */,
				634E79A8289AA85A00D996C2 /* ApperanceModel.swift in Sources */,
				6366A04C289BC7340005B7CD /* AlertModel.swift in Sources */,
				6366A04A289BC5F30005B7CD /* SingInAndSingUpModel.swift in Sources */,
			);
			runOnlyForDeploymentPostprocessing = 0;
		};
		634A1812289AA1310045814F /* Sources */ = {
			isa = PBXSourcesBuildPhase;
			buildActionMask = 2147483647;
			files = (
				634A181B289AA1310045814F /* instagramCloneV2Tests.swift in Sources */,
			);
			runOnlyForDeploymentPostprocessing = 0;
		};
		634A181C289AA1310045814F /* Sources */ = {
			isa = PBXSourcesBuildPhase;
			buildActionMask = 2147483647;
			files = (
				634A1825289AA1310045814F /* instagramCloneV2UITests.swift in Sources */,
				634A1827289AA1310045814F /* instagramCloneV2UITestsLaunchTests.swift in Sources */,
			);
			runOnlyForDeploymentPostprocessing = 0;
		};
/* End PBXSourcesBuildPhase section */

/* Begin PBXTargetDependency section */
		634A1818289AA1310045814F /* PBXTargetDependency */ = {
			isa = PBXTargetDependency;
			target = 634A17FF289AA12F0045814F /* instagramCloneV2 */;
			targetProxy = 634A1817289AA1310045814F /* PBXContainerItemProxy */;
		};
		634A1822289AA1310045814F /* PBXTargetDependency */ = {
			isa = PBXTargetDependency;
			target = 634A17FF289AA12F0045814F /* instagramCloneV2 */;
			targetProxy = 634A1821289AA1310045814F /* PBXContainerItemProxy */;
		};
/* End PBXTargetDependency section */

/* Begin PBXVariantGroup section */
		634A1809289AA12F0045814F /* Main.storyboard */ = {
			isa = PBXVariantGroup;
			children = (
				634A180A289AA12F0045814F /* Base */,
			);
			name = Main.storyboard;
			sourceTree = "<group>";
		};
		634A180E289AA1310045814F /* LaunchScreen.storyboard */ = {
			isa = PBXVariantGroup;
			children = (
				634A180F289AA1310045814F /* Base */,
			);
			name = LaunchScreen.storyboard;
			sourceTree = "<group>";
		};
/* End PBXVariantGroup section */

/* Begin XCBuildConfiguration section */
		634A1828289AA1310045814F /* Debug */ = {
			isa = XCBuildConfiguration;
			buildSettings = {
				ALWAYS_SEARCH_USER_PATHS = NO;
				CLANG_ANALYZER_NONNULL = YES;
				CLANG_ANALYZER_NUMBER_OBJECT_CONVERSION = YES_AGGRESSIVE;
				CLANG_CXX_LANGUAGE_STANDARD = "gnu++17";
				CLANG_ENABLE_MODULES = YES;
				CLANG_ENABLE_OBJC_ARC = YES;
				CLANG_ENABLE_OBJC_WEAK = YES;
				CLANG_WARN_BLOCK_CAPTURE_AUTORELEASING = YES;
				CLANG_WARN_BOOL_CONVERSION = YES;
				CLANG_WARN_COMMA = YES;
				CLANG_WARN_CONSTANT_CONVERSION = YES;
				CLANG_WARN_DEPRECATED_OBJC_IMPLEMENTATIONS = YES;
				CLANG_WARN_DIRECT_OBJC_ISA_USAGE = YES_ERROR;
				CLANG_WARN_DOCUMENTATION_COMMENTS = YES;
				CLANG_WARN_EMPTY_BODY = YES;
				CLANG_WARN_ENUM_CONVERSION = YES;
				CLANG_WARN_INFINITE_RECURSION = YES;
				CLANG_WARN_INT_CONVERSION = YES;
				CLANG_WARN_NON_LITERAL_NULL_CONVERSION = YES;
				CLANG_WARN_OBJC_IMPLICIT_RETAIN_SELF = YES;
				CLANG_WARN_OBJC_LITERAL_CONVERSION = YES;
				CLANG_WARN_OBJC_ROOT_CLASS = YES_ERROR;
				CLANG_WARN_QUOTED_INCLUDE_IN_FRAMEWORK_HEADER = YES;
				CLANG_WARN_RANGE_LOOP_ANALYSIS = YES;
				CLANG_WARN_STRICT_PROTOTYPES = YES;
				CLANG_WARN_SUSPICIOUS_MOVE = YES;
				CLANG_WARN_UNGUARDED_AVAILABILITY = YES_AGGRESSIVE;
				CLANG_WARN_UNREACHABLE_CODE = YES;
				CLANG_WARN__DUPLICATE_METHOD_MATCH = YES;
				COPY_PHASE_STRIP = NO;
				DEBUG_INFORMATION_FORMAT = dwarf;
				ENABLE_STRICT_OBJC_MSGSEND = YES;
				ENABLE_TESTABILITY = YES;
				GCC_C_LANGUAGE_STANDARD = gnu11;
				GCC_DYNAMIC_NO_PIC = NO;
				GCC_NO_COMMON_BLOCKS = YES;
				GCC_OPTIMIZATION_LEVEL = 0;
				GCC_PREPROCESSOR_DEFINITIONS = (
					"DEBUG=1",
					"$(inherited)",
				);
				GCC_WARN_64_TO_32_BIT_CONVERSION = YES;
				GCC_WARN_ABOUT_RETURN_TYPE = YES_ERROR;
				GCC_WARN_UNDECLARED_SELECTOR = YES;
				GCC_WARN_UNINITIALIZED_AUTOS = YES_AGGRESSIVE;
				GCC_WARN_UNUSED_FUNCTION = YES;
				GCC_WARN_UNUSED_VARIABLE = YES;
				IPHONEOS_DEPLOYMENT_TARGET = 15.5;
				MTL_ENABLE_DEBUG_INFO = INCLUDE_SOURCE;
				MTL_FAST_MATH = YES;
				ONLY_ACTIVE_ARCH = YES;
				SDKROOT = iphoneos;
				SWIFT_ACTIVE_COMPILATION_CONDITIONS = DEBUG;
				SWIFT_OPTIMIZATION_LEVEL = "-Onone";
			};
			name = Debug;
		};
		634A1829289AA1310045814F /* Release */ = {
			isa = XCBuildConfiguration;
			buildSettings = {
				ALWAYS_SEARCH_USER_PATHS = NO;
				CLANG_ANALYZER_NONNULL = YES;
				CLANG_ANALYZER_NUMBER_OBJECT_CONVERSION = YES_AGGRESSIVE;
				CLANG_CXX_LANGUAGE_STANDARD = "gnu++17";
				CLANG_ENABLE_MODULES = YES;
				CLANG_ENABLE_OBJC_ARC = YES;
				CLANG_ENABLE_OBJC_WEAK = YES;
				CLANG_WARN_BLOCK_CAPTURE_AUTORELEASING = YES;
				CLANG_WARN_BOOL_CONVERSION = YES;
				CLANG_WARN_COMMA = YES;
				CLANG_WARN_CONSTANT_CONVERSION = YES;
				CLANG_WARN_DEPRECATED_OBJC_IMPLEMENTATIONS = YES;
				CLANG_WARN_DIRECT_OBJC_ISA_USAGE = YES_ERROR;
				CLANG_WARN_DOCUMENTATION_COMMENTS = YES;
				CLANG_WARN_EMPTY_BODY = YES;
				CLANG_WARN_ENUM_CONVERSION = YES;
				CLANG_WARN_INFINITE_RECURSION = YES;
				CLANG_WARN_INT_CONVERSION = YES;
				CLANG_WARN_NON_LITERAL_NULL_CONVERSION = YES;
				CLANG_WARN_OBJC_IMPLICIT_RETAIN_SELF = YES;
				CLANG_WARN_OBJC_LITERAL_CONVERSION = YES;
				CLANG_WARN_OBJC_ROOT_CLASS = YES_ERROR;
				CLANG_WARN_QUOTED_INCLUDE_IN_FRAMEWORK_HEADER = YES;
				CLANG_WARN_RANGE_LOOP_ANALYSIS = YES;
				CLANG_WARN_STRICT_PROTOTYPES = YES;
				CLANG_WARN_SUSPICIOUS_MOVE = YES;
				CLANG_WARN_UNGUARDED_AVAILABILITY = YES_AGGRESSIVE;
				CLANG_WARN_UNREACHABLE_CODE = YES;
				CLANG_WARN__DUPLICATE_METHOD_MATCH = YES;
				COPY_PHASE_STRIP = NO;
				DEBUG_INFORMATION_FORMAT = "dwarf-with-dsym";
				ENABLE_NS_ASSERTIONS = NO;
				ENABLE_STRICT_OBJC_MSGSEND = YES;
				GCC_C_LANGUAGE_STANDARD = gnu11;
				GCC_NO_COMMON_BLOCKS = YES;
				GCC_WARN_64_TO_32_BIT_CONVERSION = YES;
				GCC_WARN_ABOUT_RETURN_TYPE = YES_ERROR;
				GCC_WARN_UNDECLARED_SELECTOR = YES;
				GCC_WARN_UNINITIALIZED_AUTOS = YES_AGGRESSIVE;
				GCC_WARN_UNUSED_FUNCTION = YES;
				GCC_WARN_UNUSED_VARIABLE = YES;
				IPHONEOS_DEPLOYMENT_TARGET = 15.5;
				MTL_ENABLE_DEBUG_INFO = NO;
				MTL_FAST_MATH = YES;
				SDKROOT = iphoneos;
				SWIFT_COMPILATION_MODE = wholemodule;
				SWIFT_OPTIMIZATION_LEVEL = "-O";
				VALIDATE_PRODUCT = YES;
			};
			name = Release;
		};
		634A182B289AA1310045814F /* Debug */ = {
			isa = XCBuildConfiguration;
			baseConfigurationReference = 8FA11AEC2291EE57D90319E5 /* Pods-instagramCloneV2.debug.xcconfig */;
			buildSettings = {
				ASSETCATALOG_COMPILER_APPICON_NAME = AppIcon;
				ASSETCATALOG_COMPILER_GLOBAL_ACCENT_COLOR_NAME = AccentColor;
				CODE_SIGN_STYLE = Automatic;
				CURRENT_PROJECT_VERSION = 1;
				DEVELOPMENT_TEAM = HZS53T8UPQ;
				GENERATE_INFOPLIST_FILE = YES;
				INFOPLIST_FILE = instagramCloneV2/Info.plist;
				INFOPLIST_KEY_UIApplicationSupportsIndirectInputEvents = YES;
				INFOPLIST_KEY_UILaunchStoryboardName = LaunchScreen;
				INFOPLIST_KEY_UIMainStoryboardFile = Main;
				INFOPLIST_KEY_UISupportedInterfaceOrientations_iPad = "UIInterfaceOrientationPortrait UIInterfaceOrientationPortraitUpsideDown UIInterfaceOrientationLandscapeLeft UIInterfaceOrientationLandscapeRight";
				INFOPLIST_KEY_UISupportedInterfaceOrientations_iPhone = "UIInterfaceOrientationPortrait UIInterfaceOrientationLandscapeLeft UIInterfaceOrientationLandscapeRight";
				LD_RUNPATH_SEARCH_PATHS = (
					"$(inherited)",
					"@executable_path/Frameworks",
				);
				MARKETING_VERSION = 1.0;
				PRODUCT_BUNDLE_IDENTIFIER = dogukan.dogan.instagramCloneV2;
				PRODUCT_NAME = "$(TARGET_NAME)";
				SWIFT_EMIT_LOC_STRINGS = YES;
				SWIFT_VERSION = 5.0;
				TARGETED_DEVICE_FAMILY = "1,2";
			};
			name = Debug;
		};
		634A182C289AA1310045814F /* Release */ = {
			isa = XCBuildConfiguration;
			baseConfigurationReference = 0A4F512C87A5F2FDAD3B7A7F /* Pods-instagramCloneV2.release.xcconfig */;
			buildSettings = {
				ASSETCATALOG_COMPILER_APPICON_NAME = AppIcon;
				ASSETCATALOG_COMPILER_GLOBAL_ACCENT_COLOR_NAME = AccentColor;
				CODE_SIGN_STYLE = Automatic;
				CURRENT_PROJECT_VERSION = 1;
				DEVELOPMENT_TEAM = HZS53T8UPQ;
				GENERATE_INFOPLIST_FILE = YES;
				INFOPLIST_FILE = instagramCloneV2/Info.plist;
				INFOPLIST_KEY_UIApplicationSupportsIndirectInputEvents = YES;
				INFOPLIST_KEY_UILaunchStoryboardName = LaunchScreen;
				INFOPLIST_KEY_UIMainStoryboardFile = Main;
				INFOPLIST_KEY_UISupportedInterfaceOrientations_iPad = "UIInterfaceOrientationPortrait UIInterfaceOrientationPortraitUpsideDown UIInterfaceOrientationLandscapeLeft UIInterfaceOrientationLandscapeRight";
				INFOPLIST_KEY_UISupportedInterfaceOrientations_iPhone = "UIInterfaceOrientationPortrait UIInterfaceOrientationLandscapeLeft UIInterfaceOrientationLandscapeRight";
				LD_RUNPATH_SEARCH_PATHS = (
					"$(inherited)",
					"@executable_path/Frameworks",
				);
				MARKETING_VERSION = 1.0;
				PRODUCT_BUNDLE_IDENTIFIER = dogukan.dogan.instagramCloneV2;
				PRODUCT_NAME = "$(TARGET_NAME)";
				SWIFT_EMIT_LOC_STRINGS = YES;
				SWIFT_VERSION = 5.0;
				TARGETED_DEVICE_FAMILY = "1,2";
			};
			name = Release;
		};
		634A182E289AA1310045814F /* Debug */ = {
			isa = XCBuildConfiguration;
			baseConfigurationReference = 6C5A16367270CB8CE729AEA9 /* Pods-instagramCloneV2Tests.debug.xcconfig */;
			buildSettings = {
				ALWAYS_EMBED_SWIFT_STANDARD_LIBRARIES = YES;
				BUNDLE_LOADER = "$(TEST_HOST)";
				CODE_SIGN_STYLE = Automatic;
				CURRENT_PROJECT_VERSION = 1;
				DEVELOPMENT_TEAM = HZS53T8UPQ;
				GENERATE_INFOPLIST_FILE = YES;
				IPHONEOS_DEPLOYMENT_TARGET = 15.5;
				MARKETING_VERSION = 1.0;
				PRODUCT_BUNDLE_IDENTIFIER = dogukan.dogan.instagramCloneV2Tests;
				PRODUCT_NAME = "$(TARGET_NAME)";
				SWIFT_EMIT_LOC_STRINGS = NO;
				SWIFT_VERSION = 5.0;
				TARGETED_DEVICE_FAMILY = "1,2";
				TEST_HOST = "$(BUILT_PRODUCTS_DIR)/instagramCloneV2.app/instagramCloneV2";
			};
			name = Debug;
		};
		634A182F289AA1310045814F /* Release */ = {
			isa = XCBuildConfiguration;
			baseConfigurationReference = D2107002B2136F1744436A7F /* Pods-instagramCloneV2Tests.release.xcconfig */;
			buildSettings = {
				ALWAYS_EMBED_SWIFT_STANDARD_LIBRARIES = YES;
				BUNDLE_LOADER = "$(TEST_HOST)";
				CODE_SIGN_STYLE = Automatic;
				CURRENT_PROJECT_VERSION = 1;
				DEVELOPMENT_TEAM = HZS53T8UPQ;
				GENERATE_INFOPLIST_FILE = YES;
				IPHONEOS_DEPLOYMENT_TARGET = 15.5;
				MARKETING_VERSION = 1.0;
				PRODUCT_BUNDLE_IDENTIFIER = dogukan.dogan.instagramCloneV2Tests;
				PRODUCT_NAME = "$(TARGET_NAME)";
				SWIFT_EMIT_LOC_STRINGS = NO;
				SWIFT_VERSION = 5.0;
				TARGETED_DEVICE_FAMILY = "1,2";
				TEST_HOST = "$(BUILT_PRODUCTS_DIR)/instagramCloneV2.app/instagramCloneV2";
			};
			name = Release;
		};
		634A1831289AA1310045814F /* Debug */ = {
			isa = XCBuildConfiguration;
			baseConfigurationReference = B5135E7706438D02D836CC6B /* Pods-instagramCloneV2-instagramCloneV2UITests.debug.xcconfig */;
			buildSettings = {
				ALWAYS_EMBED_SWIFT_STANDARD_LIBRARIES = YES;
				CODE_SIGN_STYLE = Automatic;
				CURRENT_PROJECT_VERSION = 1;
				DEVELOPMENT_TEAM = HZS53T8UPQ;
				GENERATE_INFOPLIST_FILE = YES;
				MARKETING_VERSION = 1.0;
				PRODUCT_BUNDLE_IDENTIFIER = dogukan.dogan.instagramCloneV2UITests;
				PRODUCT_NAME = "$(TARGET_NAME)";
				SWIFT_EMIT_LOC_STRINGS = NO;
				SWIFT_VERSION = 5.0;
				TARGETED_DEVICE_FAMILY = "1,2";
				TEST_TARGET_NAME = instagramCloneV2;
			};
			name = Debug;
		};
		634A1832289AA1310045814F /* Release */ = {
			isa = XCBuildConfiguration;
			baseConfigurationReference = 3E503EADF6EB00E3378882BD /* Pods-instagramCloneV2-instagramCloneV2UITests.release.xcconfig */;
			buildSettings = {
				ALWAYS_EMBED_SWIFT_STANDARD_LIBRARIES = YES;
				CODE_SIGN_STYLE = Automatic;
				CURRENT_PROJECT_VERSION = 1;
				DEVELOPMENT_TEAM = HZS53T8UPQ;
				GENERATE_INFOPLIST_FILE = YES;
				MARKETING_VERSION = 1.0;
				PRODUCT_BUNDLE_IDENTIFIER = dogukan.dogan.instagramCloneV2UITests;
				PRODUCT_NAME = "$(TARGET_NAME)";
				SWIFT_EMIT_LOC_STRINGS = NO;
				SWIFT_VERSION = 5.0;
				TARGETED_DEVICE_FAMILY = "1,2";
				TEST_TARGET_NAME = instagramCloneV2;
			};
			name = Release;
		};
/* End XCBuildConfiguration section */

/* Begin XCConfigurationList section */
		634A17FB289AA12F0045814F /* Build configuration list for PBXProject "instagramCloneV2" */ = {
			isa = XCConfigurationList;
			buildConfigurations = (
				634A1828289AA1310045814F /* Debug */,
				634A1829289AA1310045814F /* Release */,
			);
			defaultConfigurationIsVisible = 0;
			defaultConfigurationName = Release;
		};
		634A182A289AA1310045814F /* Build configuration list for PBXNativeTarget "instagramCloneV2" */ = {
			isa = XCConfigurationList;
			buildConfigurations = (
				634A182B289AA1310045814F /* Debug */,
				634A182C289AA1310045814F /* Release */,
			);
			defaultConfigurationIsVisible = 0;
			defaultConfigurationName = Release;
		};
		634A182D289AA1310045814F /* Build configuration list for PBXNativeTarget "instagramCloneV2Tests" */ = {
			isa = XCConfigurationList;
			buildConfigurations = (
				634A182E289AA1310045814F /* Debug */,
				634A182F289AA1310045814F /* Release */,
			);
			defaultConfigurationIsVisible = 0;
			defaultConfigurationName = Release;
		};
		634A1830289AA1310045814F /* Build configuration list for PBXNativeTarget "instagramCloneV2UITests" */ = {
			isa = XCConfigurationList;
			buildConfigurations = (
				634A1831289AA1310045814F /* Debug */,
				634A1832289AA1310045814F /* Release */,
			);
			defaultConfigurationIsVisible = 0;
			defaultConfigurationName = Release;
		};
/* End XCConfigurationList section */
	};
	rootObject = 634A17F8289AA12F0045814F /* Project object */;
}
